// !$*UTF8*$!
{
	archiveVersion = 1;
	classes = {
	};
	objectVersion = 55;
	objects = {

/* Begin PBXBuildFile section */
		FD871C5F28DE36C20071E901 /* AppDelegate.swift in Sources */ = {isa = PBXBuildFile; fileRef = FD871C5E28DE36C20071E901 /* AppDelegate.swift */; };
		FD871C6128DE36C20071E901 /* SceneDelegate.swift in Sources */ = {isa = PBXBuildFile; fileRef = FD871C6028DE36C20071E901 /* SceneDelegate.swift */; };
		FD871C6328DE36C20071E901 /* PostsListViewController.swift in Sources */ = {isa = PBXBuildFile; fileRef = FD871C6228DE36C20071E901 /* PostsListViewController.swift */; };
		FD871C6628DE36C20071E901 /* Main.storyboard in Resources */ = {isa = PBXBuildFile; fileRef = FD871C6428DE36C20071E901 /* Main.storyboard */; };
		FD871C6828DE36C50071E901 /* Assets.xcassets in Resources */ = {isa = PBXBuildFile; fileRef = FD871C6728DE36C50071E901 /* Assets.xcassets */; };
		FD871C6B28DE36C50071E901 /* LaunchScreen.storyboard in Resources */ = {isa = PBXBuildFile; fileRef = FD871C6928DE36C50071E901 /* LaunchScreen.storyboard */; };
		FD871C7928DE3F1D0071E901 /* PostListTableViewCell.swift in Sources */ = {isa = PBXBuildFile; fileRef = FD871C7728DE3F1D0071E901 /* PostListTableViewCell.swift */; };
		FD871C7A28DE3F1D0071E901 /* PostListTableViewCell.xib in Resources */ = {isa = PBXBuildFile; fileRef = FD871C7828DE3F1D0071E901 /* PostListTableViewCell.xib */; };
		FD871C7E28DE40FC0071E901 /* Constants.swift in Sources */ = {isa = PBXBuildFile; fileRef = FD871C7D28DE40FC0071E901 /* Constants.swift */; };
		FD871C8028DE41DA0071E901 /* PostListViewModel.swift in Sources */ = {isa = PBXBuildFile; fileRef = FD871C7F28DE41DA0071E901 /* PostListViewModel.swift */; };
		FD871C8228DE421F0071E901 /* PostListModel.swift in Sources */ = {isa = PBXBuildFile; fileRef = FD871C8128DE421F0071E901 /* PostListModel.swift */; };
		FD871C8428DE42470071E901 /* PostListEntity.swift in Sources */ = {isa = PBXBuildFile; fileRef = FD871C8328DE42470071E901 /* PostListEntity.swift */; };
/* End PBXBuildFile section */

/* Begin PBXFileReference section */
		FD871C5B28DE36C20071E901 /* Homework3.app */ = {isa = PBXFileReference; explicitFileType = wrapper.application; includeInIndex = 0; path = Homework3.app; sourceTree = BUILT_PRODUCTS_DIR; };
		FD871C5E28DE36C20071E901 /* AppDelegate.swift */ = {isa = PBXFileReference; lastKnownFileType = sourcecode.swift; path = AppDelegate.swift; sourceTree = "<group>"; };
		FD871C6028DE36C20071E901 /* SceneDelegate.swift */ = {isa = PBXFileReference; lastKnownFileType = sourcecode.swift; path = SceneDelegate.swift; sourceTree = "<group>"; };
		FD871C6228DE36C20071E901 /* PostsListViewController.swift */ = {isa = PBXFileReference; lastKnownFileType = sourcecode.swift; path = PostsListViewController.swift; sourceTree = "<group>"; };
		FD871C6528DE36C20071E901 /* Base */ = {isa = PBXFileReference; lastKnownFileType = file.storyboard; name = Base; path = Base.lproj/Main.storyboard; sourceTree = "<group>"; };
		FD871C6728DE36C50071E901 /* Assets.xcassets */ = {isa = PBXFileReference; lastKnownFileType = folder.assetcatalog; path = Assets.xcassets; sourceTree = "<group>"; };
		FD871C6A28DE36C50071E901 /* Base */ = {isa = PBXFileReference; lastKnownFileType = file.storyboard; name = Base; path = Base.lproj/LaunchScreen.storyboard; sourceTree = "<group>"; };
		FD871C6C28DE36C50071E901 /* Info.plist */ = {isa = PBXFileReference; lastKnownFileType = text.plist.xml; path = Info.plist; sourceTree = "<group>"; };
		FD871C7728DE3F1D0071E901 /* PostListTableViewCell.swift */ = {isa = PBXFileReference; lastKnownFileType = sourcecode.swift; path = PostListTableViewCell.swift; sourceTree = "<group>"; };
		FD871C7828DE3F1D0071E901 /* PostListTableViewCell.xib */ = {isa = PBXFileReference; lastKnownFileType = file.xib; path = PostListTableViewCell.xib; sourceTree = "<group>"; };
		FD871C7D28DE40FC0071E901 /* Constants.swift */ = {isa = PBXFileReference; lastKnownFileType = sourcecode.swift; path = Constants.swift; sourceTree = "<group>"; };
		FD871C7F28DE41DA0071E901 /* PostListViewModel.swift */ = {isa = PBXFileReference; lastKnownFileType = sourcecode.swift; path = PostListViewModel.swift; sourceTree = "<group>"; };
		FD871C8128DE421F0071E901 /* PostListModel.swift */ = {isa = PBXFileReference; lastKnownFileType = sourcecode.swift; path = PostListModel.swift; sourceTree = "<group>"; };
		FD871C8328DE42470071E901 /* PostListEntity.swift */ = {isa = PBXFileReference; lastKnownFileType = sourcecode.swift; path = PostListEntity.swift; sourceTree = "<group>"; };
/* End PBXFileReference section */

/* Begin PBXFrameworksBuildPhase section */
		FD871C5828DE36C20071E901 /* Frameworks */ = {
			isa = PBXFrameworksBuildPhase;
			buildActionMask = 2147483647;
			files = (
			);
			runOnlyForDeploymentPostprocessing = 0;
		};
/* End PBXFrameworksBuildPhase section */

/* Begin PBXGroup section */
		FD871C5228DE36C20071E901 = {
			isa = PBXGroup;
			children = (
				FD871C5D28DE36C20071E901 /* Homework3 */,
				FD871C5C28DE36C20071E901 /* Products */,
			);
			sourceTree = "<group>";
		};
		FD871C5C28DE36C20071E901 /* Products */ = {
			isa = PBXGroup;
			children = (
				FD871C5B28DE36C20071E901 /* Homework3.app */,
			);
			name = Products;
			sourceTree = "<group>";
		};
		FD871C5D28DE36C20071E901 /* Homework3 */ = {
			isa = PBXGroup;
			children = (
				FD871C7B28DE40ED0071E901 /* Constants */,
				FD871C7228DE3C660071E901 /* PostsModule */,
				FD871C5E28DE36C20071E901 /* AppDelegate.swift */,
				FD871C6028DE36C20071E901 /* SceneDelegate.swift */,
				FD871C6428DE36C20071E901 /* Main.storyboard */,
				FD871C6728DE36C50071E901 /* Assets.xcassets */,
				FD871C6928DE36C50071E901 /* LaunchScreen.storyboard */,
				FD871C6C28DE36C50071E901 /* Info.plist */,
			);
			path = Homework3;
			sourceTree = "<group>";
		};
		FD871C7228DE3C660071E901 /* PostsModule */ = {
			isa = PBXGroup;
			children = (
				FD871C7328DE3C6E0071E901 /* Model */,
				FD871C7528DE3C790071E901 /* View */,
				FD871C7628DE3C830071E901 /* ViewModel */,
			);
			path = PostsModule;
			sourceTree = "<group>";
		};
		FD871C7328DE3C6E0071E901 /* Model */ = {
			isa = PBXGroup;
			children = (
				FD871C8128DE421F0071E901 /* PostListModel.swift */,
				FD871C8328DE42470071E901 /* PostListEntity.swift */,
			);
			path = Model;
			sourceTree = "<group>";
		};
		FD871C7528DE3C790071E901 /* View */ = {
			isa = PBXGroup;
			children = (
				FD871C6228DE36C20071E901 /* PostsListViewController.swift */,
				FD871C7728DE3F1D0071E901 /* PostListTableViewCell.swift */,
				FD871C7828DE3F1D0071E901 /* PostListTableViewCell.xib */,
			);
			path = View;
			sourceTree = "<group>";
		};
		FD871C7628DE3C830071E901 /* ViewModel */ = {
			isa = PBXGroup;
			children = (
				FD871C7F28DE41DA0071E901 /* PostListViewModel.swift */,
			);
			path = ViewModel;
			sourceTree = "<group>";
		};
		FD871C7B28DE40ED0071E901 /* Constants */ = {
			isa = PBXGroup;
			children = (
				FD871C7D28DE40FC0071E901 /* Constants.swift */,
			);
			path = Constants;
			sourceTree = "<group>";
		};
/* End PBXGroup section */

/* Begin PBXNativeTarget section */
		FD871C5A28DE36C20071E901 /* Homework3 */ = {
			isa = PBXNativeTarget;
			buildConfigurationList = FD871C6F28DE36C50071E901 /* Build configuration list for PBXNativeTarget "Homework3" */;
			buildPhases = (
				FD871C5728DE36C20071E901 /* Sources */,
				FD871C5828DE36C20071E901 /* Frameworks */,
				FD871C5928DE36C20071E901 /* Resources */,
			);
			buildRules = (
			);
			dependencies = (
			);
			name = Homework3;
			productName = Homework3;
			productReference = FD871C5B28DE36C20071E901 /* Homework3.app */;
			productType = "com.apple.product-type.application";
		};
/* End PBXNativeTarget section */

/* Begin PBXProject section */
		FD871C5328DE36C20071E901 /* Project object */ = {
			isa = PBXProject;
			attributes = {
				BuildIndependentTargetsInParallel = 1;
				LastSwiftUpdateCheck = 1340;
				LastUpgradeCheck = 1340;
				TargetAttributes = {
					FD871C5A28DE36C20071E901 = {
						CreatedOnToolsVersion = 13.4.1;
					};
				};
			};
			buildConfigurationList = FD871C5628DE36C20071E901 /* Build configuration list for PBXProject "Homework3" */;
			compatibilityVersion = "Xcode 13.0";
			developmentRegion = en;
			hasScannedForEncodings = 0;
			knownRegions = (
				en,
				Base,
			);
			mainGroup = FD871C5228DE36C20071E901;
			productRefGroup = FD871C5C28DE36C20071E901 /* Products */;
			projectDirPath = "";
			projectRoot = "";
			targets = (
				FD871C5A28DE36C20071E901 /* Homework3 */,
			);
		};
/* End PBXProject section */

/* Begin PBXResourcesBuildPhase section */
		FD871C5928DE36C20071E901 /* Resources */ = {
			isa = PBXResourcesBuildPhase;
			buildActionMask = 2147483647;
			files = (
				FD871C6B28DE36C50071E901 /* LaunchScreen.storyboard in Resources */,
				FD871C6828DE36C50071E901 /* Assets.xcassets in Resources */,
				FD871C6628DE36C20071E901 /* Main.storyboard in Resources */,
				FD871C7A28DE3F1D0071E901 /* PostListTableViewCell.xib in Resources */,
			);
			runOnlyForDeploymentPostprocessing = 0;
		};
/* End PBXResourcesBuildPhase section */

/* Begin PBXSourcesBuildPhase section */
		FD871C5728DE36C20071E901 /* Sources */ = {
			isa = PBXSourcesBuildPhase;
			buildActionMask = 2147483647;
			files = (
				FD871C7E28DE40FC0071E901 /* Constants.swift in Sources */,
				FD871C8228DE421F0071E901 /* PostListModel.swift in Sources */,
				FD871C6328DE36C20071E901 /* PostsListViewController.swift in Sources */,
				FD871C8028DE41DA0071E901 /* PostListViewModel.swift in Sources */,
				FD871C5F28DE36C20071E901 /* AppDelegate.swift in Sources */,
				FD871C6128DE36C20071E901 /* SceneDelegate.swift in Sources */,
				FD871C8428DE42470071E901 /* PostListEntity.swift in Sources */,
				FD871C7928DE3F1D0071E901 /* PostListTableViewCell.swift in Sources */,
			);
			runOnlyForDeploymentPostprocessing = 0;
		};
/* End PBXSourcesBuildPhase section */

/* Begin PBXVariantGroup section */
		FD871C6428DE36C20071E901 /* Main.storyboard */ = {
			isa = PBXVariantGroup;
			children = (
				FD871C6528DE36C20071E901 /* Base */,
			);
			name = Main.storyboard;
			sourceTree = "<group>";
		};
		FD871C6928DE36C50071E901 /* LaunchScreen.storyboard */ = {
			isa = PBXVariantGroup;
			children = (
				FD871C6A28DE36C50071E901 /* Base */,
			);
			name = LaunchScreen.storyboard;
			sourceTree = "<group>";
		};
/* End PBXVariantGroup section */

/* Begin XCBuildConfiguration section */
		FD871C6D28DE36C50071E901 /* Debug */ = {
			isa = XCBuildConfiguration;
			buildSettings = {
				ALWAYS_SEARCH_USER_PATHS = NO;
				CLANG_ANALYZER_NONNULL = YES;
				CLANG_ANALYZER_NUMBER_OBJECT_CONVERSION = YES_AGGRESSIVE;
				CLANG_CXX_LANGUAGE_STANDARD = "gnu++17";
				CLANG_ENABLE_MODULES = YES;
				CLANG_ENABLE_OBJC_ARC = YES;
				CLANG_ENABLE_OBJC_WEAK = YES;
				CLANG_WARN_BLOCK_CAPTURE_AUTORELEASING = YES;
				CLANG_WARN_BOOL_CONVERSION = YES;
				CLANG_WARN_COMMA = YES;
				CLANG_WARN_CONSTANT_CONVERSION = YES;
				CLANG_WARN_DEPRECATED_OBJC_IMPLEMENTATIONS = YES;
				CLANG_WARN_DIRECT_OBJC_ISA_USAGE = YES_ERROR;
				CLANG_WARN_DOCUMENTATION_COMMENTS = YES;
				CLANG_WARN_EMPTY_BODY = YES;
				CLANG_WARN_ENUM_CONVERSION = YES;
				CLANG_WARN_INFINITE_RECURSION = YES;
				CLANG_WARN_INT_CONVERSION = YES;
				CLANG_WARN_NON_LITERAL_NULL_CONVERSION = YES;
				CLANG_WARN_OBJC_IMPLICIT_RETAIN_SELF = YES;
				CLANG_WARN_OBJC_LITERAL_CONVERSION = YES;
				CLANG_WARN_OBJC_ROOT_CLASS = YES_ERROR;
				CLANG_WARN_QUOTED_INCLUDE_IN_FRAMEWORK_HEADER = YES;
				CLANG_WARN_RANGE_LOOP_ANALYSIS = YES;
				CLANG_WARN_STRICT_PROTOTYPES = YES;
				CLANG_WARN_SUSPICIOUS_MOVE = YES;
				CLANG_WARN_UNGUARDED_AVAILABILITY = YES_AGGRESSIVE;
				CLANG_WARN_UNREACHABLE_CODE = YES;
				CLANG_WARN__DUPLICATE_METHOD_MATCH = YES;
				COPY_PHASE_STRIP = NO;
				DEBUG_INFORMATION_FORMAT = dwarf;
				ENABLE_STRICT_OBJC_MSGSEND = YES;
				ENABLE_TESTABILITY = YES;
				GCC_C_LANGUAGE_STANDARD = gnu11;
				GCC_DYNAMIC_NO_PIC = NO;
				GCC_NO_COMMON_BLOCKS = YES;
				GCC_OPTIMIZATION_LEVEL = 0;
				GCC_PREPROCESSOR_DEFINITIONS = (
					"DEBUG=1",
					"$(inherited)",
				);
				GCC_WARN_64_TO_32_BIT_CONVERSION = YES;
				GCC_WARN_ABOUT_RETURN_TYPE = YES_ERROR;
				GCC_WARN_UNDECLARED_SELECTOR = YES;
				GCC_WARN_UNINITIALIZED_AUTOS = YES_AGGRESSIVE;
				GCC_WARN_UNUSED_FUNCTION = YES;
				GCC_WARN_UNUSED_VARIABLE = YES;
				IPHONEOS_DEPLOYMENT_TARGET = 15.5;
				MTL_ENABLE_DEBUG_INFO = INCLUDE_SOURCE;
				MTL_FAST_MATH = YES;
				ONLY_ACTIVE_ARCH = YES;
				SDKROOT = iphoneos;
				SWIFT_ACTIVE_COMPILATION_CONDITIONS = DEBUG;
				SWIFT_OPTIMIZATION_LEVEL = "-Onone";
			};
			name = Debug;
		};
		FD871C6E28DE36C50071E901 /* Release */ = {
			isa = XCBuildConfiguration;
			buildSettings = {
				ALWAYS_SEARCH_USER_PATHS = NO;
				CLANG_ANALYZER_NONNULL = YES;
				CLANG_ANALYZER_NUMBER_OBJECT_CONVERSION = YES_AGGRESSIVE;
				CLANG_CXX_LANGUAGE_STANDARD = "gnu++17";
				CLANG_ENABLE_MODULES = YES;
				CLANG_ENABLE_OBJC_ARC = YES;
				CLANG_ENABLE_OBJC_WEAK = YES;
				CLANG_WARN_BLOCK_CAPTURE_AUTORELEASING = YES;
				CLANG_WARN_BOOL_CONVERSION = YES;
				CLANG_WARN_COMMA = YES;
				CLANG_WARN_CONSTANT_CONVERSION = YES;
				CLANG_WARN_DEPRECATED_OBJC_IMPLEMENTATIONS = YES;
				CLANG_WARN_DIRECT_OBJC_ISA_USAGE = YES_ERROR;
				CLANG_WARN_DOCUMENTATION_COMMENTS = YES;
				CLANG_WARN_EMPTY_BODY = YES;
				CLANG_WARN_ENUM_CONVERSION = YES;
				CLANG_WARN_INFINITE_RECURSION = YES;
				CLANG_WARN_INT_CONVERSION = YES;
				CLANG_WARN_NON_LITERAL_NULL_CONVERSION = YES;
				CLANG_WARN_OBJC_IMPLICIT_RETAIN_SELF = YES;
				CLANG_WARN_OBJC_LITERAL_CONVERSION = YES;
				CLANG_WARN_OBJC_ROOT_CLASS = YES_ERROR;
				CLANG_WARN_QUOTED_INCLUDE_IN_FRAMEWORK_HEADER = YES;
				CLANG_WARN_RANGE_LOOP_ANALYSIS = YES;
				CLANG_WARN_STRICT_PROTOTYPES = YES;
				CLANG_WARN_SUSPICIOUS_MOVE = YES;
				CLANG_WARN_UNGUARDED_AVAILABILITY = YES_AGGRESSIVE;
				CLANG_WARN_UNREACHABLE_CODE = YES;
				CLANG_WARN__DUPLICATE_METHOD_MATCH = YES;
				COPY_PHASE_STRIP = NO;
				DEBUG_INFORMATION_FORMAT = "dwarf-with-dsym";
				ENABLE_NS_ASSERTIONS = NO;
				ENABLE_STRICT_OBJC_MSGSEND = YES;
				GCC_C_LANGUAGE_STANDARD = gnu11;
				GCC_NO_COMMON_BLOCKS = YES;
				GCC_WARN_64_TO_32_BIT_CONVERSION = YES;
				GCC_WARN_ABOUT_RETURN_TYPE = YES_ERROR;
				GCC_WARN_UNDECLARED_SELECTOR = YES;
				GCC_WARN_UNINITIALIZED_AUTOS = YES_AGGRESSIVE;
				GCC_WARN_UNUSED_FUNCTION = YES;
				GCC_WARN_UNUSED_VARIABLE = YES;
				IPHONEOS_DEPLOYMENT_TARGET = 15.5;
				MTL_ENABLE_DEBUG_INFO = NO;
				MTL_FAST_MATH = YES;
				SDKROOT = iphoneos;
				SWIFT_COMPILATION_MODE = wholemodule;
				SWIFT_OPTIMIZATION_LEVEL = "-O";
				VALIDATE_PRODUCT = YES;
			};
			name = Release;
		};
		FD871C7028DE36C50071E901 /* Debug */ = {
			isa = XCBuildConfiguration;
			buildSettings = {
				ASSETCATALOG_COMPILER_APPICON_NAME = AppIcon;
				ASSETCATALOG_COMPILER_GLOBAL_ACCENT_COLOR_NAME = AccentColor;
				CODE_SIGN_STYLE = Automatic;
				CURRENT_PROJECT_VERSION = 1;
				DEVELOPMENT_TEAM = CB2FL454D9;
				GENERATE_INFOPLIST_FILE = YES;
				INFOPLIST_FILE = Homework3/Info.plist;
				INFOPLIST_KEY_UIApplicationSupportsIndirectInputEvents = YES;
				INFOPLIST_KEY_UILaunchStoryboardName = LaunchScreen;
				INFOPLIST_KEY_UIMainStoryboardFile = Main;
				INFOPLIST_KEY_UISupportedInterfaceOrientations_iPad = "UIInterfaceOrientationPortrait UIInterfaceOrientationPortraitUpsideDown UIInterfaceOrientationLandscapeLeft UIInterfaceOrientationLandscapeRight";
				INFOPLIST_KEY_UISupportedInterfaceOrientations_iPhone = "UIInterfaceOrientationPortrait UIInterfaceOrientationLandscapeLeft UIInterfaceOrientationLandscapeRight";
				LD_RUNPATH_SEARCH_PATHS = (
					"$(inherited)",
					"@executable_path/Frameworks",
				);
				MARKETING_VERSION = 1.0;
				PRODUCT_BUNDLE_IDENTIFIER = com.tolgakucuk.Homework3;
				PRODUCT_NAME = "$(TARGET_NAME)";
				SWIFT_EMIT_LOC_STRINGS = YES;
				SWIFT_VERSION = 5.0;
				TARGETED_DEVICE_FAMILY = "1,2";
			};
			name = Debug;
		};
		FD871C7128DE36C50071E901 /* Release */ = {
			isa = XCBuildConfiguration;
			buildSettings = {
				ASSETCATALOG_COMPILER_APPICON_NAME = AppIcon;
				ASSETCATALOG_COMPILER_GLOBAL_ACCENT_COLOR_NAME = AccentColor;
				CODE_SIGN_STYLE = Automatic;
				CURRENT_PROJECT_VERSION = 1;
				DEVELOPMENT_TEAM = CB2FL454D9;
				GENERATE_INFOPLIST_FILE = YES;
				INFOPLIST_FILE = Homework3/Info.plist;
				INFOPLIST_KEY_UIApplicationSupportsIndirectInputEvents = YES;
				INFOPLIST_KEY_UILaunchStoryboardName = LaunchScreen;
				INFOPLIST_KEY_UIMainStoryboardFile = Main;
				INFOPLIST_KEY_UISupportedInterfaceOrientations_iPad = "UIInterfaceOrientationPortrait UIInterfaceOrientationPortraitUpsideDown UIInterfaceOrientationLandscapeLeft UIInterfaceOrientationLandscapeRight";
				INFOPLIST_KEY_UISupportedInterfaceOrientations_iPhone = "UIInterfaceOrientationPortrait UIInterfaceOrientationLandscapeLeft UIInterfaceOrientationLandscapeRight";
				LD_RUNPATH_SEARCH_PATHS = (
					"$(inherited)",
					"@executable_path/Frameworks",
				);
				MARKETING_VERSION = 1.0;
				PRODUCT_BUNDLE_IDENTIFIER = com.tolgakucuk.Homework3;
				PRODUCT_NAME = "$(TARGET_NAME)";
				SWIFT_EMIT_LOC_STRINGS = YES;
				SWIFT_VERSION = 5.0;
				TARGETED_DEVICE_FAMILY = "1,2";
			};
			name = Release;
		};
/* End XCBuildConfiguration section */

/* Begin XCConfigurationList section */
		FD871C5628DE36C20071E901 /* Build configuration list for PBXProject "Homework3" */ = {
			isa = XCConfigurationList;
			buildConfigurations = (
				FD871C6D28DE36C50071E901 /* Debug */,
				FD871C6E28DE36C50071E901 /* Release */,
			);
			defaultConfigurationIsVisible = 0;
			defaultConfigurationName = Release;
		};
		FD871C6F28DE36C50071E901 /* Build configuration list for PBXNativeTarget "Homework3" */ = {
			isa = XCConfigurationList;
			buildConfigurations = (
				FD871C7028DE36C50071E901 /* Debug */,
				FD871C7128DE36C50071E901 /* Release */,
			);
			defaultConfigurationIsVisible = 0;
			defaultConfigurationName = Release;
		};
/* End XCConfigurationList section */
	};
	rootObject = FD871C5328DE36C20071E901 /* Project object */;
}
